
Microsoft Visual Studio Solution File, Format Version 12.00
# Visual Studio Version 17
VisualStudioVersion = 17.14.36511.14 d17.14
MinimumVisualStudioVersion = 10.0.40219.1
Project("{FAE04EC0-301F-11D3-BF4B-00C04F79EFBC}") = "Delegate  simple example", "Delegate  simple example\Delegate  simple example.csproj", "{B0A75086-E5BE-4E5D-B7B1-1C2E2BD45A02}"
EndProject
Global
	GlobalSection(SolutionConfigurationPlatforms) = preSolution
		Debug|Any CPU = Debug|Any CPU
		Release|Any CPU = Release|Any CPU
	EndGlobalSection
	GlobalSection(ProjectConfigurationPlatforms) = postSolution
		{B0A75086-E5BE-4E5D-B7B1-1C2E2BD45A02}.Debug|Any CPU.ActiveCfg = Debug|Any CPU
		{B0A75086-E5BE-4E5D-B7B1-1C2E2BD45A02}.Debug|Any CPU.Build.0 = Debug|Any CPU
		{B0A75086-E5BE-4E5D-B7B1-1C2E2BD45A02}.Release|Any CPU.ActiveCfg = Release|Any CPU
		{B0A75086-E5BE-4E5D-B7B1-1C2E2BD45A02}.Release|Any CPU.Build.0 = Release|Any CPU
	EndGlobalSection
	GlobalSection(SolutionProperties) = preSolution
		HideSolutionNode = FALSE
	EndGlobalSection
	GlobalSection(ExtensibilityGlobals) = postSolution
		SolutionGuid = {A00C0718-2915-4DFC-9641-1B9E2557938B}
	EndGlobalSection
EndGlobal
